
Microsoft Visual Studio Solution File, Format Version 12.00
# Visual Studio Version 16
VisualStudioVersion = 16.0.33801.447
MinimumVisualStudioVersion = 10.0.40219.1
Project("{151D2E53-A2C4-4D7D-83FE-D05416EBD58E}") = "Deployment2023", "Deployment2023.deployproj", "{86F6B12C-1F30-4994-90FA-1C29E04E2C96}"
EndProject
Global
	GlobalSection(SolutionConfigurationPlatforms) = preSolution
		Debug|Any CPU = Debug|Any CPU
		Release|Any CPU = Release|Any CPU
	EndGlobalSection
	GlobalSection(ProjectConfigurationPlatforms) = postSolution
		{86F6B12C-1F30-4994-90FA-1C29E04E2C96}.Debug|Any CPU.ActiveCfg = Debug|Any CPU
		{86F6B12C-1F30-4994-90FA-1C29E04E2C96}.Debug|Any CPU.Build.0 = Debug|Any CPU
		{86F6B12C-1F30-4994-90FA-1C29E04E2C96}.Release|Any CPU.ActiveCfg = Release|Any CPU
		{86F6B12C-1F30-4994-90FA-1C29E04E2C96}.Release|Any CPU.Build.0 = Release|Any CPU
	EndGlobalSection
	GlobalSection(SolutionProperties) = preSolution
		HideSolutionNode = FALSE
	EndGlobalSection
	GlobalSection(ExtensibilityGlobals) = postSolution
		SolutionGuid = {B4BDA107-5454-4E39-8A30-9A44F548E7A3}
	EndGlobalSection
EndGlobal
